#
# This file is autogenerated by pip-compile with Python 3.11
# by the following command:
#
#    pip-compile --extra=full --extra=test --output-file=requirements.lock --strip-extras --unsafe-package=zkcode-python-service pyproject.toml
#
annotated-doc==0.0.4
    # via typer
annotated-types==0.7.0
    # via pydantic
anyio==4.13.0
    # via
    #   httpx
    #   sse-starlette
    #   starlette
    #   watchfiles
certifi==2026.2.25
    # via
    #   httpcore
    #   httpx
    #   requests
chardet==5.2.0
    # via
    #   pygount
    #   zkcode-python-service
charset-normalizer==3.4.7
    # via requests
click==8.3.2
    # via
    #   typer
    #   uvicorn
colorama==0.4.6
    # via radon
coverage==7.15.4
    # via pytest-cov
fastapi==0.115.6
    # via
    #   zkcode-python-service
    #   zkcode-python-service (pyproject.toml)
gitdb==4.0.12
    # via gitpython
gitpython==3.1.43
    # via
    #   pygount
    #   zkcode-python-service
greenlet==3.4.0
    # via playwright
h11==0.16.0
    # via
    #   httpcore
    #   uvicorn
httpcore==1.0.9
    # via httpx
httptools==0.7.1
    # via uvicorn
httpx==0.28.1
    # via
    #   zkcode-python-service
    #   zkcode-python-service (pyproject.toml)
httpx-sse==0.4.3
    # via zkcode-python-service
idna==3.11
    # via
    #   anyio
    #   httpx
    #   requests
iniconfig==2.3.0
    # via pytest
jedi==0.19.2
    # via zkcode-python-service
jsonpath-ng==1.7.0
    # via zkcode-python-service
libcst==1.1.0
    # via zkcode-python-service
mando==0.7.1
    # via radon
markdown-it-py==4.0.0
    # via rich
mdurl==0.1.2
    # via markdown-it-py
mypy-extensions==1.1.0
    # via typing-inspect
networkx==3.2.1
    # via zkcode-python-service
packaging==26.0
    # via
    #   pytest
    #   pytoolconfig
parso==0.8.6
    # via jedi
platformdirs==4.9.4
    # via pytoolconfig
playwright==1.58.0
    # via zkcode-python-service
pluggy==1.6.0
    # via
    #   pytest
    #   pytest-cov
ply==3.11
    # via jsonpath-ng
pydantic==2.10.3
    # via
    #   fastapi
    #   zkcode-python-service
    #   zkcode-python-service (pyproject.toml)
pydantic-core==2.27.1
    # via pydantic
pyee==13.0.1
    # via playwright
pygments==2.20.0
    # via
    #   pygount
    #   rich
pygount==1.8.0
    # via zkcode-python-service
pytest==8.3.4
    # via
    #   pytest-asyncio
    #   pytest-cov
    #   pytest-timeout
    #   zkcode-python-service (pyproject.toml)
pytest-asyncio==0.24.0
    # via zkcode-python-service (pyproject.toml)
pytest-cov==7.1.0
    # via zkcode-python-service (pyproject.toml)
pytest-timeout==2.3.1
    # via zkcode-python-service (pyproject.toml)
python-dotenv==1.2.2
    # via uvicorn
python-magic==0.4.27
    # via zkcode-python-service
pytoolconfig==1.3.1
    # via rope
pyyaml==6.0.3
    # via
    #   libcst
    #   uvicorn
radon==6.0.1
    # via zkcode-python-service
regex==2026.4.4
    # via tiktoken
requests==2.33.1
    # via tiktoken
rich==13.9.4
    # via
    #   pygount
    #   typer
    #   zkcode-python-service
rope==1.13.0
    # via zkcode-python-service
shellingham==1.5.4
    # via typer
six==1.17.0
    # via mando
smmap==5.0.3
    # via gitdb
sse-starlette==2.1.3
    # via
    #   zkcode-python-service
    #   zkcode-python-service (pyproject.toml)
starlette==0.41.3
    # via
    #   fastapi
    #   sse-starlette
tiktoken==0.12.0
    # via zkcode-python-service
tree-sitter==0.21.3
    # via
    #   tree-sitter-languages
    #   zkcode-python-service
tree-sitter-languages==1.10.2
    # via zkcode-python-service
typer==0.24.1
    # via zkcode-python-service
typing-extensions==4.15.0
    # via
    #   anyio
    #   fastapi
    #   libcst
    #   pydantic
    #   pydantic-core
    #   pyee
    #   typing-inspect
typing-inspect==0.9.0
    # via libcst
urllib3==2.6.3
    # via requests
uvicorn==0.32.1
    # via
    #   sse-starlette
    #   zkcode-python-service
    #   zkcode-python-service (pyproject.toml)
uvloop==0.22.1
    # via uvicorn
watchfiles==1.0.3
    # via
    #   uvicorn
    #   zkcode-python-service
websockets==16.0
    # via uvicorn

# The following packages are considered to be unsafe in a requirements file:
# zkcode-python-service
