{
  "name": "zkcode-private-language-servers",
  "version": "1.0.0",
  "lockfileVersion": 3,
  "requires": true,
  "packages": {
    "": {
      "name": "zkcode-private-language-servers",
      "version": "1.0.0",
      "dependencies": {
        "pyright": "1.1.414",
        "typescript": "6.0.3",
        "typescript-language-server": "6.0.1"
      }
    },
    "node_modules/fsevents": {
      "version": "2.3.3",
      "resolved": "https://registry.npmjs.org/fsevents/-/fsevents-2.3.3.tgz",
      "integrity": "sha512-5xoDfX+fL7faATnagmWPpbFtwh/R77WmMMqqHGS65C3vvB0YHrgF+B1YmZ3441tMj5n63k0212XNoJwzlhffQw==",
      "hasInstallScript": true,
      "license": "MIT",
      "optional": true,
      "os": [
        "darwin"
      ],
      "engines": {
        "node": "^8.16.0 || ^10.6.0 || >=11.0.0"
      }
    },
    "node_modules/pyright": {
      "version": "1.1.414",
      "resolved": "https://registry.npmjs.org/pyright/-/pyright-1.1.414.tgz",
      "integrity": "sha512-FPZZb51jepDX4eP7TEYDeNFtmE3WgwkkEcJpvH3/QmUSsj0EAy3LXu+xB4T/FWDejtsXlCfFr/rbWFjwuwuXww==",
      "license": "MIT",
      "bin": {
        "pyright": "index.js",
        "pyright-langserver": "langserver.index.js"
      },
      "engines": {
        "node": ">=14.0.0"
      },
      "optionalDependencies": {
        "fsevents": "~2.3.3"
      }
    },
    "node_modules/typescript": {
      "version": "6.0.3",
      "resolved": "https://registry.npmjs.org/typescript/-/typescript-6.0.3.tgz",
      "integrity": "sha512-y2TvuxSZPDyQakkFRPZHKFm+KKVqIisdg9/CZwm9ftvKXLP8NRWj38/ODjNbr43SsoXqNuAisEf1GdCxqWcdBw==",
      "license": "Apache-2.0",
      "bin": {
        "tsc": "bin/tsc",
        "tsserver": "bin/tsserver"
      },
      "engines": {
        "node": ">=14.17"
      }
    },
    "node_modules/typescript-language-server": {
      "version": "6.0.1",
      "resolved": "https://registry.npmjs.org/typescript-language-server/-/typescript-language-server-6.0.1.tgz",
      "integrity": "sha512-c5hEHM/7rdFRbQWoHXuddyJ53oF0M2dKeXQOYdwUek556oarltKeumKJGLp/ZMcGV7gW30mGn1MR3V5GDiLiKg==",
      "license": "Apache-2.0",
      "bin": {
        "typescript-language-server": "lib/cli.mjs"
      },
      "engines": {
        "node": ">=22.22.2"
      }
    }
  }
}
